
Microsoft Visual Studio Solution File, Format Version 12.00
# Visual Studio Version 17
VisualStudioVersion = 17.0.31903.59
MinimumVisualStudioVersion = 10.0.40219.1
Project("{FAE04EC0-301F-11D3-BF4B-00C04F79EFBC}") = "API", "API\API.csproj", "{ABE07B0D-1496-4D50-B221-0AC9FA38DAAA}"
EndProject
Project("{FAE04EC0-301F-11D3-BF4B-00C04F79EFBC}") = "Application", "Application\Application.csproj", "{545A2D48-1BFC-4537-9F26-0CA860D6D836}"
EndProject
Project("{FAE04EC0-301F-11D3-BF4B-00C04F79EFBC}") = "Domain", "Domain\Domain.csproj", "{DB5953C0-EB47-4A5A-A940-33D223FF5859}"
EndProject
Project("{FAE04EC0-301F-11D3-BF4B-00C04F79EFBC}") = "Persistence", "Persistence\Persistence.csproj", "{6ECF99FC-2C11-46C8-960A-BC9775220798}"
EndProject
Project("{FAE04EC0-301F-11D3-BF4B-00C04F79EFBC}") = "Infrastructure", "Infrastructure\Infrastructure.csproj", "{57B58262-119E-40E7-B9C7-2319DFC97C1D}"
EndProject
Global
	GlobalSection(SolutionConfigurationPlatforms) = preSolution
		Debug|Any CPU = Debug|Any CPU
		Release|Any CPU = Release|Any CPU
	EndGlobalSection
	GlobalSection(SolutionProperties) = preSolution
		HideSolutionNode = FALSE
	EndGlobalSection
	GlobalSection(ProjectConfigurationPlatforms) = postSolution
		{ABE07B0D-1496-4D50-B221-0AC9FA38DAAA}.Debug|Any CPU.ActiveCfg = Debug|Any CPU
		{ABE07B0D-1496-4D50-B221-0AC9FA38DAAA}.Debug|Any CPU.Build.0 = Debug|Any CPU
		{ABE07B0D-1496-4D50-B221-0AC9FA38DAAA}.Release|Any CPU.ActiveCfg = Release|Any CPU
		{ABE07B0D-1496-4D50-B221-0AC9FA38DAAA}.Release|Any CPU.Build.0 = Release|Any CPU
		{545A2D48-1BFC-4537-9F26-0CA860D6D836}.Debug|Any CPU.ActiveCfg = Debug|Any CPU
		{545A2D48-1BFC-4537-9F26-0CA860D6D836}.Debug|Any CPU.Build.0 = Debug|Any CPU
		{545A2D48-1BFC-4537-9F26-0CA860D6D836}.Release|Any CPU.ActiveCfg = Release|Any CPU
		{545A2D48-1BFC-4537-9F26-0CA860D6D836}.Release|Any CPU.Build.0 = Release|Any CPU
		{DB5953C0-EB47-4A5A-A940-33D223FF5859}.Debug|Any CPU.ActiveCfg = Debug|Any CPU
		{DB5953C0-EB47-4A5A-A940-33D223FF5859}.Debug|Any CPU.Build.0 = Debug|Any CPU
		{DB5953C0-EB47-4A5A-A940-33D223FF5859}.Release|Any CPU.ActiveCfg = Release|Any CPU
		{DB5953C0-EB47-4A5A-A940-33D223FF5859}.Release|Any CPU.Build.0 = Release|Any CPU
		{6ECF99FC-2C11-46C8-960A-BC9775220798}.Debug|Any CPU.ActiveCfg = Debug|Any CPU
		{6ECF99FC-2C11-46C8-960A-BC9775220798}.Debug|Any CPU.Build.0 = Debug|Any CPU
		{6ECF99FC-2C11-46C8-960A-BC9775220798}.Release|Any CPU.ActiveCfg = Release|Any CPU
		{6ECF99FC-2C11-46C8-960A-BC9775220798}.Release|Any CPU.Build.0 = Release|Any CPU
		{57B58262-119E-40E7-B9C7-2319DFC97C1D}.Debug|Any CPU.ActiveCfg = Debug|Any CPU
		{57B58262-119E-40E7-B9C7-2319DFC97C1D}.Debug|Any CPU.Build.0 = Debug|Any CPU
		{57B58262-119E-40E7-B9C7-2319DFC97C1D}.Release|Any CPU.ActiveCfg = Release|Any CPU
		{57B58262-119E-40E7-B9C7-2319DFC97C1D}.Release|Any CPU.Build.0 = Release|Any CPU
	EndGlobalSection
EndGlobal
